// !$*UTF8*$!
{
	archiveVersion = 1;
	classes = {
	};
	objectVersion = 77;
	objects = {

/* Begin PBXContainerItemProxy section */
		FF98EC102CDBFD9200E70B13 /* PBXContainerItemProxy */ = {
			isa = PBXContainerItemProxy;
			containerPortal = FF98EBF72CDBFD9000E70B13 /* Project object */;
			proxyType = 1;
			remoteGlobalIDString = FF98EBFE2CDBFD9000E70B13;
			remoteInfo = TravelCheckList;
		};
		FF98EC1A2CDBFD9200E70B13 /* PBXContainerItemProxy */ = {
			isa = PBXContainerItemProxy;
			containerPortal = FF98EBF72CDBFD9000E70B13 /* Project object */;
			proxyType = 1;
			remoteGlobalIDString = FF98EBFE2CDBFD9000E70B13;
			remoteInfo = TravelCheckList;
		};
/* End PBXContainerItemProxy section */

/* Begin PBXFileReference section */
		FF98EBFF2CDBFD9100E70B13 /* TravelCheckList.app */ = {isa = PBXFileReference; explicitFileType = wrapper.application; includeInIndex = 0; path = TravelCheckList.app; sourceTree = BUILT_PRODUCTS_DIR; };
		FF98EC0F2CDBFD9200E70B13 /* TravelCheckListTests.xctest */ = {isa = PBXFileReference; explicitFileType = wrapper.cfbundle; includeInIndex = 0; path = TravelCheckListTests.xctest; sourceTree = BUILT_PRODUCTS_DIR; };
		FF98EC192CDBFD9200E70B13 /* TravelCheckListUITests.xctest */ = {isa = PBXFileReference; explicitFileType = wrapper.cfbundle; includeInIndex = 0; path = TravelCheckListUITests.xctest; sourceTree = BUILT_PRODUCTS_DIR; };
/* End PBXFileReference section */

/* Begin PBXFileSystemSynchronizedRootGroup section */
		FF98EC012CDBFD9100E70B13 /* TravelCheckList */ = {
			isa = PBXFileSystemSynchronizedRootGroup;
			path = TravelCheckList;
			sourceTree = "<group>";
		};
		FF98EC122CDBFD9200E70B13 /* TravelCheckListTests */ = {
			isa = PBXFileSystemSynchronizedRootGroup;
			path = TravelCheckListTests;
			sourceTree = "<group>";
		};
		FF98EC1C2CDBFD9200E70B13 /* TravelCheckListUITests */ = {
			isa = PBXFileSystemSynchronizedRootGroup;
			path = TravelCheckListUITests;
			sourceTree = "<group>";
		};
/* End PBXFileSystemSynchronizedRootGroup section */

/* Begin PBXFrameworksBuildPhase section */
		FF98EBFC2CDBFD9000E70B13 /* Frameworks */ = {
			isa = PBXFrameworksBuildPhase;
			buildActionMask = 2147483647;
			files = (
			);
			runOnlyForDeploymentPostprocessing = 0;
		};
		FF98EC0C2CDBFD9200E70B13 /* Frameworks */ = {
			isa = PBXFrameworksBuildPhase;
			buildActionMask = 2147483647;
			files = (
			);
			runOnlyForDeploymentPostprocessing = 0;
		};
		FF98EC162CDBFD9200E70B13 /* Frameworks */ = {
			isa = PBXFrameworksBuildPhase;
			buildActionMask = 2147483647;
			files = (
			);
			runOnlyForDeploymentPostprocessing = 0;
		};
/* End PBXFrameworksBuildPhase section */

/* Begin PBXGroup section */
		FF98EBF62CDBFD9000E70B13 = {
			isa = PBXGroup;
			children = (
				FF98EC012CDBFD9100E70B13 /* TravelCheckList */,
				FF98EC122CDBFD9200E70B13 /* TravelCheckListTests */,
				FF98EC1C2CDBFD9200E70B13 /* TravelCheckListUITests */,
				FF98EC002CDBFD9100E70B13 /* Products */,
			);
			sourceTree = "<group>";
		};
		FF98EC002CDBFD9100E70B13 /* Products */ = {
			isa = PBXGroup;
			children = (
				FF98EBFF2CDBFD9100E70B13 /* TravelCheckList.app */,
				FF98EC0F2CDBFD9200E70B13 /* TravelCheckListTests.xctest */,
				FF98EC192CDBFD9200E70B13 /* TravelCheckListUITests.xctest */,
			);
			name = Products;
			sourceTree = "<group>";
		};
/* End PBXGroup section */

/* Begin PBXNativeTarget section */
		FF98EBFE2CDBFD9000E70B13 /* TravelCheckList */ = {
			isa = PBXNativeTarget;
			buildConfigurationList = FF98EC232CDBFD9200E70B13 /* Build configuration list for PBXNativeTarget "TravelCheckList" */;
			buildPhases = (
				FF98EBFB2CDBFD9000E70B13 /* Sources */,
				FF98EBFC2CDBFD9000E70B13 /* Frameworks */,
				FF98EBFD2CDBFD9000E70B13 /* Resources */,
			);
			buildRules = (
			);
			dependencies = (
			);
			fileSystemSynchronizedGroups = (
				FF98EC012CDBFD9100E70B13 /* TravelCheckList */,
			);
			name = TravelCheckList;
			packageProductDependencies = (
			);
			productName = TravelCheckList;
			productReference = FF98EBFF2CDBFD9100E70B13 /* TravelCheckList.app */;
			productType = "com.apple.product-type.application";
		};
		FF98EC0E2CDBFD9200E70B13 /* TravelCheckListTests */ = {
			isa = PBXNativeTarget;
			buildConfigurationList = FF98EC262CDBFD9200E70B13 /* Build configuration list for PBXNativeTarget "TravelCheckListTests" */;
			buildPhases = (
				FF98EC0B2CDBFD9200E70B13 /* Sources */,
				FF98EC0C2CDBFD9200E70B13 /* Frameworks */,
				FF98EC0D2CDBFD9200E70B13 /* Resources */,
			);
			buildRules = (
			);
			dependencies = (
				FF98EC112CDBFD9200E70B13 /* PBXTargetDependency */,
			);
			fileSystemSynchronizedGroups = (
				FF98EC122CDBFD9200E70B13 /* TravelCheckListTests */,
			);
			name = TravelCheckListTests;
			packageProductDependencies = (
			);
			productName = TravelCheckListTests;
			productReference = FF98EC0F2CDBFD9200E70B13 /* TravelCheckListTests.xctest */;
			productType = "com.apple.product-type.bundle.unit-test";
		};
		FF98EC182CDBFD9200E70B13 /* TravelCheckListUITests */ = {
			isa = PBXNativeTarget;
			buildConfigurationList = FF98EC292CDBFD9200E70B13 /* Build configuration list for PBXNativeTarget "TravelCheckListUITests" */;
			buildPhases = (
				FF98EC152CDBFD9200E70B13 /* Sources */,
				FF98EC162CDBFD9200E70B13 /* Frameworks */,
				FF98EC172CDBFD9200E70B13 /* Resources */,
			);
			buildRules = (
			);
			dependencies = (
				FF98EC1B2CDBFD9200E70B13 /* PBXTargetDependency */,
			);
			fileSystemSynchronizedGroups = (
				FF98EC1C2CDBFD9200E70B13 /* TravelCheckListUITests */,
			);
			name = TravelCheckListUITests;
			packageProductDependencies = (
			);
			productName = TravelCheckListUITests;
			productReference = FF98EC192CDBFD9200E70B13 /* TravelCheckListUITests.xctest */;
			productType = "com.apple.product-type.bundle.ui-testing";
		};
/* End PBXNativeTarget section */

/* Begin PBXProject section */
		FF98EBF72CDBFD9000E70B13 /* Project object */ = {
			isa = PBXProject;
			attributes = {
				BuildIndependentTargetsInParallel = 1;
				LastSwiftUpdateCheck = 1600;
				LastUpgradeCheck = 1600;
				TargetAttributes = {
					FF98EBFE2CDBFD9000E70B13 = {
						CreatedOnToolsVersion = 16.0;
					};
					FF98EC0E2CDBFD9200E70B13 = {
						CreatedOnToolsVersion = 16.0;
						TestTargetID = FF98EBFE2CDBFD9000E70B13;
					};
					FF98EC182CDBFD9200E70B13 = {
						CreatedOnToolsVersion = 16.0;
						TestTargetID = FF98EBFE2CDBFD9000E70B13;
					};
				};
			};
			buildConfigurationList = FF98EBFA2CDBFD9000E70B13 /* Build configuration list for PBXProject "TravelCheckList" */;
			developmentRegion = en;
			hasScannedForEncodings = 0;
			knownRegions = (
				en,
				Base,
			);
			mainGroup = FF98EBF62CDBFD9000E70B13;
			minimizedProjectReferenceProxies = 1;
			preferredProjectObjectVersion = 77;
			productRefGroup = FF98EC002CDBFD9100E70B13 /* Products */;
			projectDirPath = "";
			projectRoot = "";
			targets = (
				FF98EBFE2CDBFD9000E70B13 /* TravelCheckList */,
				FF98EC0E2CDBFD9200E70B13 /* TravelCheckListTests */,
				FF98EC182CDBFD9200E70B13 /* TravelCheckListUITests */,
			);
		};
/* End PBXProject section */

/* Begin PBXResourcesBuildPhase section */
		FF98EBFD2CDBFD9000E70B13 /* Resources */ = {
			isa = PBXResourcesBuildPhase;
			buildActionMask = 2147483647;
			files = (
			);
			runOnlyForDeploymentPostprocessing = 0;
		};
		FF98EC0D2CDBFD9200E70B13 /* Resources */ = {
			isa = PBXResourcesBuildPhase;
			buildActionMask = 2147483647;
			files = (
			);
			runOnlyForDeploymentPostprocessing = 0;
		};
		FF98EC172CDBFD9200E70B13 /* Resources */ = {
			isa = PBXResourcesBuildPhase;
			buildActionMask = 2147483647;
			files = (
			);
			runOnlyForDeploymentPostprocessing = 0;
		};
/* End PBXResourcesBuildPhase section */

/* Begin PBXSourcesBuildPhase section */
		FF98EBFB2CDBFD9000E70B13 /* Sources */ = {
			isa = PBXSourcesBuildPhase;
			buildActionMask = 2147483647;
			files = (
			);
			runOnlyForDeploymentPostprocessing = 0;
		};
		FF98EC0B2CDBFD9200E70B13 /* Sources */ = {
			isa = PBXSourcesBuildPhase;
			buildActionMask = 2147483647;
			files = (
			);
			runOnlyForDeploymentPostprocessing = 0;
		};
		FF98EC152CDBFD9200E70B13 /* Sources */ = {
			isa = PBXSourcesBuildPhase;
			buildActionMask = 2147483647;
			files = (
			);
			runOnlyForDeploymentPostprocessing = 0;
		};
/* End PBXSourcesBuildPhase section */

/* Begin PBXTargetDependency section */
		FF98EC112CDBFD9200E70B13 /* PBXTargetDependency */ = {
			isa = PBXTargetDependency;
			target = FF98EBFE2CDBFD9000E70B13 /* TravelCheckList */;
			targetProxy = FF98EC102CDBFD9200E70B13 /* PBXContainerItemProxy */;
		};
		FF98EC1B2CDBFD9200E70B13 /* PBXTargetDependency */ = {
			isa = PBXTargetDependency;
			target = FF98EBFE2CDBFD9000E70B13 /* TravelCheckList */;
			targetProxy = FF98EC1A2CDBFD9200E70B13 /* PBXContainerItemProxy */;
		};
/* End PBXTargetDependency section */

/* Begin XCBuildConfiguration section */
		FF98EC212CDBFD9200E70B13 /* Debug */ = {
			isa = XCBuildConfiguration;
			buildSettings = {
				ALWAYS_SEARCH_USER_PATHS = NO;
				ASSETCATALOG_COMPILER_GENERATE_SWIFT_ASSET_SYMBOL_EXTENSIONS = YES;
				CLANG_ANALYZER_NONNULL = YES;
				CLANG_ANALYZER_NUMBER_OBJECT_CONVERSION = YES_AGGRESSIVE;
				CLANG_CXX_LANGUAGE_STANDARD = "gnu++20";
				CLANG_ENABLE_MODULES = YES;
				CLANG_ENABLE_OBJC_ARC = YES;
				CLANG_ENABLE_OBJC_WEAK = YES;
				CLANG_WARN_BLOCK_CAPTURE_AUTORELEASING = YES;
				CLANG_WARN_BOOL_CONVERSION = YES;
				CLANG_WARN_COMMA = YES;
				CLANG_WARN_CONSTANT_CONVERSION = YES;
				CLANG_WARN_DEPRECATED_OBJC_IMPLEMENTATIONS = YES;
				CLANG_WARN_DIRECT_OBJC_ISA_USAGE = YES_ERROR;
				CLANG_WARN_DOCUMENTATION_COMMENTS = YES;
				CLANG_WARN_EMPTY_BODY = YES;
				CLANG_WARN_ENUM_CONVERSION = YES;
				CLANG_WARN_INFINITE_RECURSION = YES;
				CLANG_WARN_INT_CONVERSION = YES;
				CLANG_WARN_NON_LITERAL_NULL_CONVERSION = YES;
				CLANG_WARN_OBJC_IMPLICIT_RETAIN_SELF = YES;
				CLANG_WARN_OBJC_LITERAL_CONVERSION = YES;
				CLANG_WARN_OBJC_ROOT_CLASS = YES_ERROR;
				CLANG_WARN_QUOTED_INCLUDE_IN_FRAMEWORK_HEADER = YES;
				CLANG_WARN_RANGE_LOOP_ANALYSIS = YES;
				CLANG_WARN_STRICT_PROTOTYPES = YES;
				CLANG_WARN_SUSPICIOUS_MOVE = YES;
				CLANG_WARN_UNGUARDED_AVAILABILITY = YES_AGGRESSIVE;
				CLANG_WARN_UNREACHABLE_CODE = YES;
				CLANG_WARN__DUPLICATE_METHOD_MATCH = YES;
				COPY_PHASE_STRIP = NO;
				DEBUG_INFORMATION_FORMAT = dwarf;
				ENABLE_STRICT_OBJC_MSGSEND = YES;
				ENABLE_TESTABILITY = YES;
				ENABLE_USER_SCRIPT_SANDBOXING = YES;
				GCC_C_LANGUAGE_STANDARD = gnu17;
				GCC_DYNAMIC_NO_PIC = NO;
				GCC_NO_COMMON_BLOCKS = YES;
				GCC_OPTIMIZATION_LEVEL = 0;
				GCC_PREPROCESSOR_DEFINITIONS = (
					"DEBUG=1",
					"$(inherited)",
				);
				GCC_WARN_64_TO_32_BIT_CONVERSION = YES;
				GCC_WARN_ABOUT_RETURN_TYPE = YES_ERROR;
				GCC_WARN_UNDECLARED_SELECTOR = YES;
				GCC_WARN_UNINITIALIZED_AUTOS = YES_AGGRESSIVE;
				GCC_WARN_UNUSED_FUNCTION = YES;
				GCC_WARN_UNUSED_VARIABLE = YES;
				IPHONEOS_DEPLOYMENT_TARGET = 18.0;
				LOCALIZATION_PREFERS_STRING_CATALOGS = YES;
				MTL_ENABLE_DEBUG_INFO = INCLUDE_SOURCE;
				MTL_FAST_MATH = YES;
				ONLY_ACTIVE_ARCH = YES;
				SDKROOT = iphoneos;
				SWIFT_ACTIVE_COMPILATION_CONDITIONS = "DEBUG $(inherited)";
				SWIFT_OPTIMIZATION_LEVEL = "-Onone";
			};
			name = Debug;
		};
		FF98EC222CDBFD9200E70B13 /* Release */ = {
			isa = XCBuildConfiguration;
			buildSettings = {
				ALWAYS_SEARCH_USER_PATHS = NO;
				ASSETCATALOG_COMPILER_GENERATE_SWIFT_ASSET_SYMBOL_EXTENSIONS = YES;
				CLANG_ANALYZER_NONNULL = YES;
				CLANG_ANALYZER_NUMBER_OBJECT_CONVERSION = YES_AGGRESSIVE;
				CLANG_CXX_LANGUAGE_STANDARD = "gnu++20";
				CLANG_ENABLE_MODULES = YES;
				CLANG_ENABLE_OBJC_ARC = YES;
				CLANG_ENABLE_OBJC_WEAK = YES;
				CLANG_WARN_BLOCK_CAPTURE_AUTORELEASING = YES;
				CLANG_WARN_BOOL_CONVERSION = YES;
				CLANG_WARN_COMMA = YES;
				CLANG_WARN_CONSTANT_CONVERSION = YES;
				CLANG_WARN_DEPRECATED_OBJC_IMPLEMENTATIONS = YES;
				CLANG_WARN_DIRECT_OBJC_ISA_USAGE = YES_ERROR;
				CLANG_WARN_DOCUMENTATION_COMMENTS = YES;
				CLANG_WARN_EMPTY_BODY = YES;
				CLANG_WARN_ENUM_CONVERSION = YES;
				CLANG_WARN_INFINITE_RECURSION = YES;
				CLANG_WARN_INT_CONVERSION = YES;
				CLANG_WARN_NON_LITERAL_NULL_CONVERSION = YES;
				CLANG_WARN_OBJC_IMPLICIT_RETAIN_SELF = YES;
				CLANG_WARN_OBJC_LITERAL_CONVERSION = YES;
				CLANG_WARN_OBJC_ROOT_CLASS = YES_ERROR;
				CLANG_WARN_QUOTED_INCLUDE_IN_FRAMEWORK_HEADER = YES;
				CLANG_WARN_RANGE_LOOP_ANALYSIS = YES;
				CLANG_WARN_STRICT_PROTOTYPES = YES;
				CLANG_WARN_SUSPICIOUS_MOVE = YES;
				CLANG_WARN_UNGUARDED_AVAILABILITY = YES_AGGRESSIVE;
				CLANG_WARN_UNREACHABLE_CODE = YES;
				CLANG_WARN__DUPLICATE_METHOD_MATCH = YES;
				COPY_PHASE_STRIP = NO;
				DEBUG_INFORMATION_FORMAT = "dwarf-with-dsym";
				ENABLE_NS_ASSERTIONS = NO;
				ENABLE_STRICT_OBJC_MSGSEND = YES;
				ENABLE_USER_SCRIPT_SANDBOXING = YES;
				GCC_C_LANGUAGE_STANDARD = gnu17;
				GCC_NO_COMMON_BLOCKS = YES;
				GCC_WARN_64_TO_32_BIT_CONVERSION = YES;
				GCC_WARN_ABOUT_RETURN_TYPE = YES_ERROR;
				GCC_WARN_UNDECLARED_SELECTOR = YES;
				GCC_WARN_UNINITIALIZED_AUTOS = YES_AGGRESSIVE;
				GCC_WARN_UNUSED_FUNCTION = YES;
				GCC_WARN_UNUSED_VARIABLE = YES;
				IPHONEOS_DEPLOYMENT_TARGET = 18.0;
				LOCALIZATION_PREFERS_STRING_CATALOGS = YES;
				MTL_ENABLE_DEBUG_INFO = NO;
				MTL_FAST_MATH = YES;
				SDKROOT = iphoneos;
				SWIFT_COMPILATION_MODE = wholemodule;
				VALIDATE_PRODUCT = YES;
			};
			name = Release;
		};
		FF98EC242CDBFD9200E70B13 /* Debug */ = {
			isa = XCBuildConfiguration;
			buildSettings = {
				ASSETCATALOG_COMPILER_APPICON_NAME = AppIcon;
				ASSETCATALOG_COMPILER_GLOBAL_ACCENT_COLOR_NAME = AccentColor;
				CODE_SIGN_STYLE = Automatic;
				CURRENT_PROJECT_VERSION = 1;
				DEVELOPMENT_ASSET_PATHS = "\"TravelCheckList/Preview Content\"";
				ENABLE_PREVIEWS = YES;
				GENERATE_INFOPLIST_FILE = YES;
				INFOPLIST_KEY_UIApplicationSceneManifest_Generation = YES;
				INFOPLIST_KEY_UIApplicationSupportsIndirectInputEvents = YES;
				INFOPLIST_KEY_UILaunchScreen_Generation = YES;
				INFOPLIST_KEY_UISupportedInterfaceOrientations_iPad = "UIInterfaceOrientationPortrait UIInterfaceOrientationPortraitUpsideDown UIInterfaceOrientationLandscapeLeft UIInterfaceOrientationLandscapeRight";
				INFOPLIST_KEY_UISupportedInterfaceOrientations_iPhone = "UIInterfaceOrientationPortrait UIInterfaceOrientationLandscapeLeft UIInterfaceOrientationLandscapeRight";
				LD_RUNPATH_SEARCH_PATHS = (
					"$(inherited)",
					"@executable_path/Frameworks",
				);
				MARKETING_VERSION = 1.0;
				PRODUCT_BUNDLE_IDENTIFIER = com.omerapaydin.TravelCheckList;
				PRODUCT_NAME = "$(TARGET_NAME)";
				SWIFT_EMIT_LOC_STRINGS = YES;
				SWIFT_VERSION = 5.0;
				TARGETED_DEVICE_FAMILY = "1,2";
			};
			name = Debug;
		};
		FF98EC252CDBFD9200E70B13 /* Release */ = {
			isa = XCBuildConfiguration;
			buildSettings = {
				ASSETCATALOG_COMPILER_APPICON_NAME = AppIcon;
				ASSETCATALOG_COMPILER_GLOBAL_ACCENT_COLOR_NAME = AccentColor;
				CODE_SIGN_STYLE = Automatic;
				CURRENT_PROJECT_VERSION = 1;
				DEVELOPMENT_ASSET_PATHS = "\"TravelCheckList/Preview Content\"";
				ENABLE_PREVIEWS = YES;
				GENERATE_INFOPLIST_FILE = YES;
				INFOPLIST_KEY_UIApplicationSceneManifest_Generation = YES;
				INFOPLIST_KEY_UIApplicationSupportsIndirectInputEvents = YES;
				INFOPLIST_KEY_UILaunchScreen_Generation = YES;
				INFOPLIST_KEY_UISupportedInterfaceOrientations_iPad = "UIInterfaceOrientationPortrait UIInterfaceOrientationPortraitUpsideDown UIInterfaceOrientationLandscapeLeft UIInterfaceOrientationLandscapeRight";
				INFOPLIST_KEY_UISupportedInterfaceOrientations_iPhone = "UIInterfaceOrientationPortrait UIInterfaceOrientationLandscapeLeft UIInterfaceOrientationLandscapeRight";
				LD_RUNPATH_SEARCH_PATHS = (
					"$(inherited)",
					"@executable_path/Frameworks",
				);
				MARKETING_VERSION = 1.0;
				PRODUCT_BUNDLE_IDENTIFIER = com.omerapaydin.TravelCheckList;
				PRODUCT_NAME = "$(TARGET_NAME)";
				SWIFT_EMIT_LOC_STRINGS = YES;
				SWIFT_VERSION = 5.0;
				TARGETED_DEVICE_FAMILY = "1,2";
			};
			name = Release;
		};
		FF98EC272CDBFD9200E70B13 /* Debug */ = {
			isa = XCBuildConfiguration;
			buildSettings = {
				BUNDLE_LOADER = "$(TEST_HOST)";
				CODE_SIGN_STYLE = Automatic;
				CURRENT_PROJECT_VERSION = 1;
				GENERATE_INFOPLIST_FILE = YES;
				IPHONEOS_DEPLOYMENT_TARGET = 18.0;
				MARKETING_VERSION = 1.0;
				PRODUCT_BUNDLE_IDENTIFIER = com.omerapaydin.TravelCheckListTests;
				PRODUCT_NAME = "$(TARGET_NAME)";
				SWIFT_EMIT_LOC_STRINGS = NO;
				SWIFT_VERSION = 5.0;
				TARGETED_DEVICE_FAMILY = "1,2";
				TEST_HOST = "$(BUILT_PRODUCTS_DIR)/TravelCheckList.app/$(BUNDLE_EXECUTABLE_FOLDER_PATH)/TravelCheckList";
			};
			name = Debug;
		};
		FF98EC282CDBFD9200E70B13 /* Release */ = {
			isa = XCBuildConfiguration;
			buildSettings = {
				BUNDLE_LOADER = "$(TEST_HOST)";
				CODE_SIGN_STYLE = Automatic;
				CURRENT_PROJECT_VERSION = 1;
				GENERATE_INFOPLIST_FILE = YES;
				IPHONEOS_DEPLOYMENT_TARGET = 18.0;
				MARKETING_VERSION = 1.0;
				PRODUCT_BUNDLE_IDENTIFIER = com.omerapaydin.TravelCheckListTests;
				PRODUCT_NAME = "$(TARGET_NAME)";
				SWIFT_EMIT_LOC_STRINGS = NO;
				SWIFT_VERSION = 5.0;
				TARGETED_DEVICE_FAMILY = "1,2";
				TEST_HOST = "$(BUILT_PRODUCTS_DIR)/TravelCheckList.app/$(BUNDLE_EXECUTABLE_FOLDER_PATH)/TravelCheckList";
			};
			name = Release;
		};
		FF98EC2A2CDBFD9200E70B13 /* Debug */ = {
			isa = XCBuildConfiguration;
			buildSettings = {
				CODE_SIGN_STYLE = Automatic;
				CURRENT_PROJECT_VERSION = 1;
				GENERATE_INFOPLIST_FILE = YES;
				MARKETING_VERSION = 1.0;
				PRODUCT_BUNDLE_IDENTIFIER = com.omerapaydin.TravelCheckListUITests;
				PRODUCT_NAME = "$(TARGET_NAME)";
				SWIFT_EMIT_LOC_STRINGS = NO;
				SWIFT_VERSION = 5.0;
				TARGETED_DEVICE_FAMILY = "1,2";
				TEST_TARGET_NAME = TravelCheckList;
			};
			name = Debug;
		};
		FF98EC2B2CDBFD9200E70B13 /* Release */ = {
			isa = XCBuildConfiguration;
			buildSettings = {
				CODE_SIGN_STYLE = Automatic;
				CURRENT_PROJECT_VERSION = 1;
				GENERATE_INFOPLIST_FILE = YES;
				MARKETING_VERSION = 1.0;
				PRODUCT_BUNDLE_IDENTIFIER = com.omerapaydin.TravelCheckListUITests;
				PRODUCT_NAME = "$(TARGET_NAME)";
				SWIFT_EMIT_LOC_STRINGS = NO;
				SWIFT_VERSION = 5.0;
				TARGETED_DEVICE_FAMILY = "1,2";
				TEST_TARGET_NAME = TravelCheckList;
			};
			name = Release;
		};
/* End XCBuildConfiguration section */

/* Begin XCConfigurationList section */
		FF98EBFA2CDBFD9000E70B13 /* Build configuration list for PBXProject "TravelCheckList" */ = {
			isa = XCConfigurationList;
			buildConfigurations = (
				FF98EC212CDBFD9200E70B13 /* Debug */,
				FF98EC222CDBFD9200E70B13 /* Release */,
			);
			defaultConfigurationIsVisible = 0;
			defaultConfigurationName = Release;
		};
		FF98EC232CDBFD9200E70B13 /* Build configuration list for PBXNativeTarget "TravelCheckList" */ = {
			isa = XCConfigurationList;
			buildConfigurations = (
				FF98EC242CDBFD9200E70B13 /* Debug */,
				FF98EC252CDBFD9200E70B13 /* Release */,
			);
			defaultConfigurationIsVisible = 0;
			defaultConfigurationName = Release;
		};
		FF98EC262CDBFD9200E70B13 /* Build configuration list for PBXNativeTarget "TravelCheckListTests" */ = {
			isa = XCConfigurationList;
			buildConfigurations = (
				FF98EC272CDBFD9200E70B13 /* Debug */,
				FF98EC282CDBFD9200E70B13 /* Release */,
			);
			defaultConfigurationIsVisible = 0;
			defaultConfigurationName = Release;
		};
		FF98EC292CDBFD9200E70B13 /* Build configuration list for PBXNativeTarget "TravelCheckListUITests" */ = {
			isa = XCConfigurationList;
			buildConfigurations = (
				FF98EC2A2CDBFD9200E70B13 /* Debug */,
				FF98EC2B2CDBFD9200E70B13 /* Release */,
			);
			defaultConfigurationIsVisible = 0;
			defaultConfigurationName = Release;
		};
/* End XCConfigurationList section */
	};
	rootObject = FF98EBF72CDBFD9000E70B13 /* Project object */;
}
